
Microsoft Visual Studio Solution File, Format Version 12.00
# Visual Studio Version 17
VisualStudioVersion = 17.0.32014.148
MinimumVisualStudioVersion = 10.0.40219.1
Project("{8BC9CEB8-8B4A-11D0-8D11-00A0C91BC942}") = "Vjezba9OOP", "Vjezba9OOP\Vjezba9OOP.vcxproj", "{EFB263D2-52F7-44A6-B6F4-644A1AC70450}"
EndProject
Global
	GlobalSection(SolutionConfigurationPlatforms) = preSolution
		Debug|x64 = Debug|x64
		Debug|x86 = Debug|x86
		Release|x64 = Release|x64
		Release|x86 = Release|x86
	EndGlobalSection
	GlobalSection(ProjectConfigurationPlatforms) = postSolution
		{EFB263D2-52F7-44A6-B6F4-644A1AC70450}.Debug|x64.ActiveCfg = Debug|x64
		{EFB263D2-52F7-44A6-B6F4-644A1AC70450}.Debug|x64.Build.0 = Debug|x64
		{EFB263D2-52F7-44A6-B6F4-644A1AC70450}.Debug|x86.ActiveCfg = Debug|Win32
		{EFB263D2-52F7-44A6-B6F4-644A1AC70450}.Debug|x86.Build.0 = Debug|Win32
		{EFB263D2-52F7-44A6-B6F4-644A1AC70450}.Release|x64.ActiveCfg = Release|x64
		{EFB263D2-52F7-44A6-B6F4-644A1AC70450}.Release|x64.Build.0 = Release|x64
		{EFB263D2-52F7-44A6-B6F4-644A1AC70450}.Release|x86.ActiveCfg = Release|Win32
		{EFB263D2-52F7-44A6-B6F4-644A1AC70450}.Release|x86.Build.0 = Release|Win32
	EndGlobalSection
	GlobalSection(SolutionProperties) = preSolution
		HideSolutionNode = FALSE
	EndGlobalSection
	GlobalSection(ExtensibilityGlobals) = postSolution
		SolutionGuid = {607B6A0C-6445-4AE9-B7D4-E72C51F579BC}
	EndGlobalSection
EndGlobal
