
Microsoft Visual Studio Solution File, Format Version 12.00
# Visual Studio Version 16
VisualStudioVersion = 16.0.31829.152
MinimumVisualStudioVersion = 10.0.40219.1
Project("{8BC9CEB8-8B4A-11D0-8D11-00A0C91BC942}") = "Vjezba6OOP", "Vjezba6OOP\Vjezba6OOP.vcxproj", "{9E7D6395-D051-4AAE-88EA-1BDE5571BD5A}"
EndProject
Global
	GlobalSection(SolutionConfigurationPlatforms) = preSolution
		Debug|x64 = Debug|x64
		Debug|x86 = Debug|x86
		Release|x64 = Release|x64
		Release|x86 = Release|x86
	EndGlobalSection
	GlobalSection(ProjectConfigurationPlatforms) = postSolution
		{9E7D6395-D051-4AAE-88EA-1BDE5571BD5A}.Debug|x64.ActiveCfg = Debug|x64
		{9E7D6395-D051-4AAE-88EA-1BDE5571BD5A}.Debug|x64.Build.0 = Debug|x64
		{9E7D6395-D051-4AAE-88EA-1BDE5571BD5A}.Debug|x86.ActiveCfg = Debug|Win32
		{9E7D6395-D051-4AAE-88EA-1BDE5571BD5A}.Debug|x86.Build.0 = Debug|Win32
		{9E7D6395-D051-4AAE-88EA-1BDE5571BD5A}.Release|x64.ActiveCfg = Release|x64
		{9E7D6395-D051-4AAE-88EA-1BDE5571BD5A}.Release|x64.Build.0 = Release|x64
		{9E7D6395-D051-4AAE-88EA-1BDE5571BD5A}.Release|x86.ActiveCfg = Release|Win32
		{9E7D6395-D051-4AAE-88EA-1BDE5571BD5A}.Release|x86.Build.0 = Release|Win32
	EndGlobalSection
	GlobalSection(SolutionProperties) = preSolution
		HideSolutionNode = FALSE
	EndGlobalSection
	GlobalSection(ExtensibilityGlobals) = postSolution
		SolutionGuid = {AEACBEAC-513E-41B3-BE62-CFDB8E2E125C}
	EndGlobalSection
EndGlobal
